// !$*UTF8*$!
{
	archiveVersion = 1;
	classes = {
	};
	objectVersion = 50;
	objects = {

/* Begin PBXBuildFile section */
		FD79AFEF215361EB00D1BFB1 /* AppDelegate.m in Sources */ = {isa = PBXBuildFile; fileRef = FD79AFEE215361EB00D1BFB1 /* AppDelegate.m */; };
		FD79AFF2215361EB00D1BFB1 /* ViewController.m in Sources */ = {isa = PBXBuildFile; fileRef = FD79AFF1215361EB00D1BFB1 /* ViewController.m */; };
		FD79AFF5215361EB00D1BFB1 /* Main.storyboard in Resources */ = {isa = PBXBuildFile; fileRef = FD79AFF3215361EB00D1BFB1 /* Main.storyboard */; };
		FD79AFF7215361EF00D1BFB1 /* Assets.xcassets in Resources */ = {isa = PBXBuildFile; fileRef = FD79AFF6215361EF00D1BFB1 /* Assets.xcassets */; };
		FD79AFFA215361EF00D1BFB1 /* LaunchScreen.storyboard in Resources */ = {isa = PBXBuildFile; fileRef = FD79AFF8215361EF00D1BFB1 /* LaunchScreen.storyboard */; };
		FD79AFFD215361EF00D1BFB1 /* main.m in Sources */ = {isa = PBXBuildFile; fileRef = FD79AFFC215361EF00D1BFB1 /* main.m */; };
		FD79B007215361EF00D1BFB1 /* SBImageViewDemoTests.m in Sources */ = {isa = PBXBuildFile; fileRef = FD79B006215361EF00D1BFB1 /* SBImageViewDemoTests.m */; };
		FD79B012215361EF00D1BFB1 /* SBImageViewDemoUITests.m in Sources */ = {isa = PBXBuildFile; fileRef = FD79B011215361EF00D1BFB1 /* SBImageViewDemoUITests.m */; };
		FD79B022215362F400D1BFB1 /* UIImageView+SBImageView.m in Sources */ = {isa = PBXBuildFile; fileRef = FD79B021215362F400D1BFB1 /* UIImageView+SBImageView.m */; };
		FD79B0242153648A00D1BFB1 /* demo.jpeg in Resources */ = {isa = PBXBuildFile; fileRef = FD79B0232153648A00D1BFB1 /* demo.jpeg */; };
		FD79B0292153BF2200D1BFB1 /* SBImageStoreManager.m in Sources */ = {isa = PBXBuildFile; fileRef = FD79B0282153BF2200D1BFB1 /* SBImageStoreManager.m */; };
		FD79B02C2154B1B500D1BFB1 /* SBImageDownloader.m in Sources */ = {isa = PBXBuildFile; fileRef = FD79B02B2154B1B500D1BFB1 /* SBImageDownloader.m */; };
/* End PBXBuildFile section */

/* Begin PBXContainerItemProxy section */
		FD79B003215361EF00D1BFB1 /* PBXContainerItemProxy */ = {
			isa = PBXContainerItemProxy;
			containerPortal = FD79AFE2215361EB00D1BFB1 /* Project object */;
			proxyType = 1;
			remoteGlobalIDString = FD79AFE9215361EB00D1BFB1;
			remoteInfo = SBImageViewDemo;
		};
		FD79B00E215361EF00D1BFB1 /* PBXContainerItemProxy */ = {
			isa = PBXContainerItemProxy;
			containerPortal = FD79AFE2215361EB00D1BFB1 /* Project object */;
			proxyType = 1;
			remoteGlobalIDString = FD79AFE9215361EB00D1BFB1;
			remoteInfo = SBImageViewDemo;
		};
/* End PBXContainerItemProxy section */

/* Begin PBXFileReference section */
		FD79AFEA215361EB00D1BFB1 /* SBImageViewDemo.app */ = {isa = PBXFileReference; explicitFileType = wrapper.application; includeInIndex = 0; path = SBImageViewDemo.app; sourceTree = BUILT_PRODUCTS_DIR; };
		FD79AFED215361EB00D1BFB1 /* AppDelegate.h */ = {isa = PBXFileReference; lastKnownFileType = sourcecode.c.h; path = AppDelegate.h; sourceTree = "<group>"; };
		FD79AFEE215361EB00D1BFB1 /* AppDelegate.m */ = {isa = PBXFileReference; lastKnownFileType = sourcecode.c.objc; path = AppDelegate.m; sourceTree = "<group>"; };
		FD79AFF0215361EB00D1BFB1 /* ViewController.h */ = {isa = PBXFileReference; lastKnownFileType = sourcecode.c.h; path = ViewController.h; sourceTree = "<group>"; };
		FD79AFF1215361EB00D1BFB1 /* ViewController.m */ = {isa = PBXFileReference; lastKnownFileType = sourcecode.c.objc; path = ViewController.m; sourceTree = "<group>"; };
		FD79AFF4215361EB00D1BFB1 /* Base */ = {isa = PBXFileReference; lastKnownFileType = file.storyboard; name = Base; path = Base.lproj/Main.storyboard; sourceTree = "<group>"; };
		FD79AFF6215361EF00D1BFB1 /* Assets.xcassets */ = {isa = PBXFileReference; lastKnownFileType = folder.assetcatalog; path = Assets.xcassets; sourceTree = "<group>"; };
		FD79AFF9215361EF00D1BFB1 /* Base */ = {isa = PBXFileReference; lastKnownFileType = file.storyboard; name = Base; path = Base.lproj/LaunchScreen.storyboard; sourceTree = "<group>"; };
		FD79AFFB215361EF00D1BFB1 /* Info.plist */ = {isa = PBXFileReference; lastKnownFileType = text.plist.xml; path = Info.plist; sourceTree = "<group>"; };
		FD79AFFC215361EF00D1BFB1 /* main.m */ = {isa = PBXFileReference; lastKnownFileType = sourcecode.c.objc; path = main.m; sourceTree = "<group>"; };
		FD79B002215361EF00D1BFB1 /* SBImageViewDemoTests.xctest */ = {isa = PBXFileReference; explicitFileType = wrapper.cfbundle; includeInIndex = 0; path = SBImageViewDemoTests.xctest; sourceTree = BUILT_PRODUCTS_DIR; };
		FD79B006215361EF00D1BFB1 /* SBImageViewDemoTests.m */ = {isa = PBXFileReference; lastKnownFileType = sourcecode.c.objc; path = SBImageViewDemoTests.m; sourceTree = "<group>"; };
		FD79B008215361EF00D1BFB1 /* Info.plist */ = {isa = PBXFileReference; lastKnownFileType = text.plist.xml; path = Info.plist; sourceTree = "<group>"; };
		FD79B00D215361EF00D1BFB1 /* SBImageViewDemoUITests.xctest */ = {isa = PBXFileReference; explicitFileType = wrapper.cfbundle; includeInIndex = 0; path = SBImageViewDemoUITests.xctest; sourceTree = BUILT_PRODUCTS_DIR; };
		FD79B011215361EF00D1BFB1 /* SBImageViewDemoUITests.m */ = {isa = PBXFileReference; lastKnownFileType = sourcecode.c.objc; path = SBImageViewDemoUITests.m; sourceTree = "<group>"; };
		FD79B013215361EF00D1BFB1 /* Info.plist */ = {isa = PBXFileReference; lastKnownFileType = text.plist.xml; path = Info.plist; sourceTree = "<group>"; };
		FD79B020215362F400D1BFB1 /* UIImageView+SBImageView.h */ = {isa = PBXFileReference; lastKnownFileType = sourcecode.c.h; path = "UIImageView+SBImageView.h"; sourceTree = "<group>"; };
		FD79B021215362F400D1BFB1 /* UIImageView+SBImageView.m */ = {isa = PBXFileReference; lastKnownFileType = sourcecode.c.objc; path = "UIImageView+SBImageView.m"; sourceTree = "<group>"; };
		FD79B0232153648A00D1BFB1 /* demo.jpeg */ = {isa = PBXFileReference; lastKnownFileType = image.jpeg; path = demo.jpeg; sourceTree = "<group>"; };
		FD79B0272153BF2200D1BFB1 /* SBImageStoreManager.h */ = {isa = PBXFileReference; lastKnownFileType = sourcecode.c.h; path = SBImageStoreManager.h; sourceTree = "<group>"; };
		FD79B0282153BF2200D1BFB1 /* SBImageStoreManager.m */ = {isa = PBXFileReference; lastKnownFileType = sourcecode.c.objc; path = SBImageStoreManager.m; sourceTree = "<group>"; };
		FD79B02A2154B1B500D1BFB1 /* SBImageDownloader.h */ = {isa = PBXFileReference; lastKnownFileType = sourcecode.c.h; path = SBImageDownloader.h; sourceTree = "<group>"; };
		FD79B02B2154B1B500D1BFB1 /* SBImageDownloader.m */ = {isa = PBXFileReference; lastKnownFileType = sourcecode.c.objc; path = SBImageDownloader.m; sourceTree = "<group>"; };
/* End PBXFileReference section */

/* Begin PBXFrameworksBuildPhase section */
		FD79AFE7215361EB00D1BFB1 /* Frameworks */ = {
			isa = PBXFrameworksBuildPhase;
			buildActionMask = 2147483647;
			files = (
			);
			runOnlyForDeploymentPostprocessing = 0;
		};
		FD79AFFF215361EF00D1BFB1 /* Frameworks */ = {
			isa = PBXFrameworksBuildPhase;
			buildActionMask = 2147483647;
			files = (
			);
			runOnlyForDeploymentPostprocessing = 0;
		};
		FD79B00A215361EF00D1BFB1 /* Frameworks */ = {
			isa = PBXFrameworksBuildPhase;
			buildActionMask = 2147483647;
			files = (
			);
			runOnlyForDeploymentPostprocessing = 0;
		};
/* End PBXFrameworksBuildPhase section */

/* Begin PBXGroup section */
		FD79AFE1215361EB00D1BFB1 = {
			isa = PBXGroup;
			children = (
				FD79B01F2153620100D1BFB1 /* SBImageView */,
				FD79AFEC215361EB00D1BFB1 /* SBImageViewDemo */,
				FD79B005215361EF00D1BFB1 /* SBImageViewDemoTests */,
				FD79B010215361EF00D1BFB1 /* SBImageViewDemoUITests */,
				FD79AFEB215361EB00D1BFB1 /* Products */,
			);
			sourceTree = "<group>";
		};
		FD79AFEB215361EB00D1BFB1 /* Products */ = {
			isa = PBXGroup;
			children = (
				FD79AFEA215361EB00D1BFB1 /* SBImageViewDemo.app */,
				FD79B002215361EF00D1BFB1 /* SBImageViewDemoTests.xctest */,
				FD79B00D215361EF00D1BFB1 /* SBImageViewDemoUITests.xctest */,
			);
			name = Products;
			sourceTree = "<group>";
		};
		FD79AFEC215361EB00D1BFB1 /* SBImageViewDemo */ = {
			isa = PBXGroup;
			children = (
				FD79AFED215361EB00D1BFB1 /* AppDelegate.h */,
				FD79AFEE215361EB00D1BFB1 /* AppDelegate.m */,
				FD79AFF0215361EB00D1BFB1 /* ViewController.h */,
				FD79AFF1215361EB00D1BFB1 /* ViewController.m */,
				FD79AFF3215361EB00D1BFB1 /* Main.storyboard */,
				FD79B0232153648A00D1BFB1 /* demo.jpeg */,
				FD79AFF6215361EF00D1BFB1 /* Assets.xcassets */,
				FD79AFF8215361EF00D1BFB1 /* LaunchScreen.storyboard */,
				FD79AFFB215361EF00D1BFB1 /* Info.plist */,
				FD79AFFC215361EF00D1BFB1 /* main.m */,
			);
			path = SBImageViewDemo;
			sourceTree = "<group>";
		};
		FD79B005215361EF00D1BFB1 /* SBImageViewDemoTests */ = {
			isa = PBXGroup;
			children = (
				FD79B006215361EF00D1BFB1 /* SBImageViewDemoTests.m */,
				FD79B008215361EF00D1BFB1 /* Info.plist */,
			);
			path = SBImageViewDemoTests;
			sourceTree = "<group>";
		};
		FD79B010215361EF00D1BFB1 /* SBImageViewDemoUITests */ = {
			isa = PBXGroup;
			children = (
				FD79B011215361EF00D1BFB1 /* SBImageViewDemoUITests.m */,
				FD79B013215361EF00D1BFB1 /* Info.plist */,
			);
			path = SBImageViewDemoUITests;
			sourceTree = "<group>";
		};
		FD79B01F2153620100D1BFB1 /* SBImageView */ = {
			isa = PBXGroup;
			children = (
				FD79B020215362F400D1BFB1 /* UIImageView+SBImageView.h */,
				FD79B021215362F400D1BFB1 /* UIImageView+SBImageView.m */,
				FD79B0272153BF2200D1BFB1 /* SBImageStoreManager.h */,
				FD79B0282153BF2200D1BFB1 /* SBImageStoreManager.m */,
				FD79B02A2154B1B500D1BFB1 /* SBImageDownloader.h */,
				FD79B02B2154B1B500D1BFB1 /* SBImageDownloader.m */,
			);
			path = SBImageView;
			sourceTree = "<group>";
		};
/* End PBXGroup section */

/* Begin PBXNativeTarget section */
		FD79AFE9215361EB00D1BFB1 /* SBImageViewDemo */ = {
			isa = PBXNativeTarget;
			buildConfigurationList = FD79B016215361EF00D1BFB1 /* Build configuration list for PBXNativeTarget "SBImageViewDemo" */;
			buildPhases = (
				FD79AFE6215361EB00D1BFB1 /* Sources */,
				FD79AFE7215361EB00D1BFB1 /* Frameworks */,
				FD79AFE8215361EB00D1BFB1 /* Resources */,
			);
			buildRules = (
			);
			dependencies = (
			);
			name = SBImageViewDemo;
			productName = SBImageViewDemo;
			productReference = FD79AFEA215361EB00D1BFB1 /* SBImageViewDemo.app */;
			productType = "com.apple.product-type.application";
		};
		FD79B001215361EF00D1BFB1 /* SBImageViewDemoTests */ = {
			isa = PBXNativeTarget;
			buildConfigurationList = FD79B019215361EF00D1BFB1 /* Build configuration list for PBXNativeTarget "SBImageViewDemoTests" */;
			buildPhases = (
				FD79AFFE215361EF00D1BFB1 /* Sources */,
				FD79AFFF215361EF00D1BFB1 /* Frameworks */,
				FD79B000215361EF00D1BFB1 /* Resources */,
			);
			buildRules = (
			);
			dependencies = (
				FD79B004215361EF00D1BFB1 /* PBXTargetDependency */,
			);
			name = SBImageViewDemoTests;
			productName = SBImageViewDemoTests;
			productReference = FD79B002215361EF00D1BFB1 /* SBImageViewDemoTests.xctest */;
			productType = "com.apple.product-type.bundle.unit-test";
		};
		FD79B00C215361EF00D1BFB1 /* SBImageViewDemoUITests */ = {
			isa = PBXNativeTarget;
			buildConfigurationList = FD79B01C215361EF00D1BFB1 /* Build configuration list for PBXNativeTarget "SBImageViewDemoUITests" */;
			buildPhases = (
				FD79B009215361EF00D1BFB1 /* Sources */,
				FD79B00A215361EF00D1BFB1 /* Frameworks */,
				FD79B00B215361EF00D1BFB1 /* Resources */,
			);
			buildRules = (
			);
			dependencies = (
				FD79B00F215361EF00D1BFB1 /* PBXTargetDependency */,
			);
			name = SBImageViewDemoUITests;
			productName = SBImageViewDemoUITests;
			productReference = FD79B00D215361EF00D1BFB1 /* SBImageViewDemoUITests.xctest */;
			productType = "com.apple.product-type.bundle.ui-testing";
		};
/* End PBXNativeTarget section */

/* Begin PBXProject section */
		FD79AFE2215361EB00D1BFB1 /* Project object */ = {
			isa = PBXProject;
			attributes = {
				LastUpgradeCheck = 0940;
				ORGANIZATIONNAME = com.Instagram;
				TargetAttributes = {
					FD79AFE9215361EB00D1BFB1 = {
						CreatedOnToolsVersion = 9.4.1;
					};
					FD79B001215361EF00D1BFB1 = {
						CreatedOnToolsVersion = 9.4.1;
						TestTargetID = FD79AFE9215361EB00D1BFB1;
					};
					FD79B00C215361EF00D1BFB1 = {
						CreatedOnToolsVersion = 9.4.1;
						TestTargetID = FD79AFE9215361EB00D1BFB1;
					};
				};
			};
			buildConfigurationList = FD79AFE5215361EB00D1BFB1 /* Build configuration list for PBXProject "SBImageViewDemo" */;
			compatibilityVersion = "Xcode 9.3";
			developmentRegion = en;
			hasScannedForEncodings = 0;
			knownRegions = (
				en,
				Base,
			);
			mainGroup = FD79AFE1215361EB00D1BFB1;
			productRefGroup = FD79AFEB215361EB00D1BFB1 /* Products */;
			projectDirPath = "";
			projectRoot = "";
			targets = (
				FD79AFE9215361EB00D1BFB1 /* SBImageViewDemo */,
				FD79B001215361EF00D1BFB1 /* SBImageViewDemoTests */,
				FD79B00C215361EF00D1BFB1 /* SBImageViewDemoUITests */,
			);
		};
/* End PBXProject section */

/* Begin PBXResourcesBuildPhase section */
		FD79AFE8215361EB00D1BFB1 /* Resources */ = {
			isa = PBXResourcesBuildPhase;
			buildActionMask = 2147483647;
			files = (
				FD79AFFA215361EF00D1BFB1 /* LaunchScreen.storyboard in Resources */,
				FD79AFF7215361EF00D1BFB1 /* Assets.xcassets in Resources */,
				FD79AFF5215361EB00D1BFB1 /* Main.storyboard in Resources */,
				FD79B0242153648A00D1BFB1 /* demo.jpeg in Resources */,
			);
			runOnlyForDeploymentPostprocessing = 0;
		};
		FD79B000215361EF00D1BFB1 /* Resources */ = {
			isa = PBXResourcesBuildPhase;
			buildActionMask = 2147483647;
			files = (
			);
			runOnlyForDeploymentPostprocessing = 0;
		};
		FD79B00B215361EF00D1BFB1 /* Resources */ = {
			isa = PBXResourcesBuildPhase;
			buildActionMask = 2147483647;
			files = (
			);
			runOnlyForDeploymentPostprocessing = 0;
		};
/* End PBXResourcesBuildPhase section */

/* Begin PBXSourcesBuildPhase section */
		FD79AFE6215361EB00D1BFB1 /* Sources */ = {
			isa = PBXSourcesBuildPhase;
			buildActionMask = 2147483647;
			files = (
				FD79AFF2215361EB00D1BFB1 /* ViewController.m in Sources */,
				FD79B02C2154B1B500D1BFB1 /* SBImageDownloader.m in Sources */,
				FD79AFFD215361EF00D1BFB1 /* main.m in Sources */,
				FD79B022215362F400D1BFB1 /* UIImageView+SBImageView.m in Sources */,
				FD79B0292153BF2200D1BFB1 /* SBImageStoreManager.m in Sources */,
				FD79AFEF215361EB00D1BFB1 /* AppDelegate.m in Sources */,
			);
			runOnlyForDeploymentPostprocessing = 0;
		};
		FD79AFFE215361EF00D1BFB1 /* Sources */ = {
			isa = PBXSourcesBuildPhase;
			buildActionMask = 2147483647;
			files = (
				FD79B007215361EF00D1BFB1 /* SBImageViewDemoTests.m in Sources */,
			);
			runOnlyForDeploymentPostprocessing = 0;
		};
		FD79B009215361EF00D1BFB1 /* Sources */ = {
			isa = PBXSourcesBuildPhase;
			buildActionMask = 2147483647;
			files = (
				FD79B012215361EF00D1BFB1 /* SBImageViewDemoUITests.m in Sources */,
			);
			runOnlyForDeploymentPostprocessing = 0;
		};
/* End PBXSourcesBuildPhase section */

/* Begin PBXTargetDependency section */
		FD79B004215361EF00D1BFB1 /* PBXTargetDependency */ = {
			isa = PBXTargetDependency;
			target = FD79AFE9215361EB00D1BFB1 /* SBImageViewDemo */;
			targetProxy = FD79B003215361EF00D1BFB1 /* PBXContainerItemProxy */;
		};
		FD79B00F215361EF00D1BFB1 /* PBXTargetDependency */ = {
			isa = PBXTargetDependency;
			target = FD79AFE9215361EB00D1BFB1 /* SBImageViewDemo */;
			targetProxy = FD79B00E215361EF00D1BFB1 /* PBXContainerItemProxy */;
		};
/* End PBXTargetDependency section */

/* Begin PBXVariantGroup section */
		FD79AFF3215361EB00D1BFB1 /* Main.storyboard */ = {
			isa = PBXVariantGroup;
			children = (
				FD79AFF4215361EB00D1BFB1 /* Base */,
			);
			name = Main.storyboard;
			sourceTree = "<group>";
		};
		FD79AFF8215361EF00D1BFB1 /* LaunchScreen.storyboard */ = {
			isa = PBXVariantGroup;
			children = (
				FD79AFF9215361EF00D1BFB1 /* Base */,
			);
			name = LaunchScreen.storyboard;
			sourceTree = "<group>";
		};
/* End PBXVariantGroup section */

/* Begin XCBuildConfiguration section */
		FD79B014215361EF00D1BFB1 /* Debug */ = {
			isa = XCBuildConfiguration;
			buildSettings = {
				ALWAYS_SEARCH_USER_PATHS = NO;
				CLANG_ANALYZER_NONNULL = YES;
				CLANG_ANALYZER_NUMBER_OBJECT_CONVERSION = YES_AGGRESSIVE;
				CLANG_CXX_LANGUAGE_STANDARD = "gnu++14";
				CLANG_CXX_LIBRARY = "libc++";
				CLANG_ENABLE_MODULES = YES;
				CLANG_ENABLE_OBJC_ARC = YES;
				CLANG_ENABLE_OBJC_WEAK = YES;
				CLANG_WARN_BLOCK_CAPTURE_AUTORELEASING = YES;
				CLANG_WARN_BOOL_CONVERSION = YES;
				CLANG_WARN_COMMA = YES;
				CLANG_WARN_CONSTANT_CONVERSION = YES;
				CLANG_WARN_DEPRECATED_OBJC_IMPLEMENTATIONS = YES;
				CLANG_WARN_DIRECT_OBJC_ISA_USAGE = YES_ERROR;
				CLANG_WARN_DOCUMENTATION_COMMENTS = YES;
				CLANG_WARN_EMPTY_BODY = YES;
				CLANG_WARN_ENUM_CONVERSION = YES;
				CLANG_WARN_INFINITE_RECURSION = YES;
				CLANG_WARN_INT_CONVERSION = YES;
				CLANG_WARN_NON_LITERAL_NULL_CONVERSION = YES;
				CLANG_WARN_OBJC_IMPLICIT_RETAIN_SELF = YES;
				CLANG_WARN_OBJC_LITERAL_CONVERSION = YES;
				CLANG_WARN_OBJC_ROOT_CLASS = YES_ERROR;
				CLANG_WARN_RANGE_LOOP_ANALYSIS = YES;
				CLANG_WARN_STRICT_PROTOTYPES = YES;
				CLANG_WARN_SUSPICIOUS_MOVE = YES;
				CLANG_WARN_UNGUARDED_AVAILABILITY = YES_AGGRESSIVE;
				CLANG_WARN_UNREACHABLE_CODE = YES;
				CLANG_WARN__DUPLICATE_METHOD_MATCH = YES;
				CODE_SIGN_IDENTITY = "iPhone Developer";
				COPY_PHASE_STRIP = NO;
				DEBUG_INFORMATION_FORMAT = dwarf;
				ENABLE_STRICT_OBJC_MSGSEND = YES;
				ENABLE_TESTABILITY = YES;
				GCC_C_LANGUAGE_STANDARD = gnu11;
				GCC_DYNAMIC_NO_PIC = NO;
				GCC_NO_COMMON_BLOCKS = YES;
				GCC_OPTIMIZATION_LEVEL = 0;
				GCC_PREPROCESSOR_DEFINITIONS = (
					"DEBUG=1",
					"$(inherited)",
				);
				GCC_WARN_64_TO_32_BIT_CONVERSION = YES;
				GCC_WARN_ABOUT_RETURN_TYPE = YES_ERROR;
				GCC_WARN_UNDECLARED_SELECTOR = YES;
				GCC_WARN_UNINITIALIZED_AUTOS = YES_AGGRESSIVE;
				GCC_WARN_UNUSED_FUNCTION = YES;
				GCC_WARN_UNUSED_VARIABLE = YES;
				IPHONEOS_DEPLOYMENT_TARGET = 11.4;
				MTL_ENABLE_DEBUG_INFO = YES;
				ONLY_ACTIVE_ARCH = YES;
				SDKROOT = iphoneos;
			};
			name = Debug;
		};
		FD79B015215361EF00D1BFB1 /* Release */ = {
			isa = XCBuildConfiguration;
			buildSettings = {
				ALWAYS_SEARCH_USER_PATHS = NO;
				CLANG_ANALYZER_NONNULL = YES;
				CLANG_ANALYZER_NUMBER_OBJECT_CONVERSION = YES_AGGRESSIVE;
				CLANG_CXX_LANGUAGE_STANDARD = "gnu++14";
				CLANG_CXX_LIBRARY = "libc++";
				CLANG_ENABLE_MODULES = YES;
				CLANG_ENABLE_OBJC_ARC = YES;
				CLANG_ENABLE_OBJC_WEAK = YES;
				CLANG_WARN_BLOCK_CAPTURE_AUTORELEASING = YES;
				CLANG_WARN_BOOL_CONVERSION = YES;
				CLANG_WARN_COMMA = YES;
				CLANG_WARN_CONSTANT_CONVERSION = YES;
				CLANG_WARN_DEPRECATED_OBJC_IMPLEMENTATIONS = YES;
				CLANG_WARN_DIRECT_OBJC_ISA_USAGE = YES_ERROR;
				CLANG_WARN_DOCUMENTATION_COMMENTS = YES;
				CLANG_WARN_EMPTY_BODY = YES;
				CLANG_WARN_ENUM_CONVERSION = YES;
				CLANG_WARN_INFINITE_RECURSION = YES;
				CLANG_WARN_INT_CONVERSION = YES;
				CLANG_WARN_NON_LITERAL_NULL_CONVERSION = YES;
				CLANG_WARN_OBJC_IMPLICIT_RETAIN_SELF = YES;
				CLANG_WARN_OBJC_LITERAL_CONVERSION = YES;
				CLANG_WARN_OBJC_ROOT_CLASS = YES_ERROR;
				CLANG_WARN_RANGE_LOOP_ANALYSIS = YES;
				CLANG_WARN_STRICT_PROTOTYPES = YES;
				CLANG_WARN_SUSPICIOUS_MOVE = YES;
				CLANG_WARN_UNGUARDED_AVAILABILITY = YES_AGGRESSIVE;
				CLANG_WARN_UNREACHABLE_CODE = YES;
				CLANG_WARN__DUPLICATE_METHOD_MATCH = YES;
				CODE_SIGN_IDENTITY = "iPhone Developer";
				COPY_PHASE_STRIP = NO;
				DEBUG_INFORMATION_FORMAT = "dwarf-with-dsym";
				ENABLE_NS_ASSERTIONS = NO;
				ENABLE_STRICT_OBJC_MSGSEND = YES;
				GCC_C_LANGUAGE_STANDARD = gnu11;
				GCC_NO_COMMON_BLOCKS = YES;
				GCC_WARN_64_TO_32_BIT_CONVERSION = YES;
				GCC_WARN_ABOUT_RETURN_TYPE = YES_ERROR;
				GCC_WARN_UNDECLARED_SELECTOR = YES;
				GCC_WARN_UNINITIALIZED_AUTOS = YES_AGGRESSIVE;
				GCC_WARN_UNUSED_FUNCTION = YES;
				GCC_WARN_UNUSED_VARIABLE = YES;
				IPHONEOS_DEPLOYMENT_TARGET = 11.4;
				MTL_ENABLE_DEBUG_INFO = NO;
				SDKROOT = iphoneos;
				VALIDATE_PRODUCT = YES;
			};
			name = Release;
		};
		FD79B017215361EF00D1BFB1 /* Debug */ = {
			isa = XCBuildConfiguration;
			buildSettings = {
				ASSETCATALOG_COMPILER_APPICON_NAME = AppIcon;
				CODE_SIGN_STYLE = Automatic;
				INFOPLIST_FILE = SBImageViewDemo/Info.plist;
				LD_RUNPATH_SEARCH_PATHS = (
					"$(inherited)",
					"@executable_path/Frameworks",
				);
				PRODUCT_BUNDLE_IDENTIFIER = com.SBImageViewDemo;
				PRODUCT_NAME = "$(TARGET_NAME)";
				TARGETED_DEVICE_FAMILY = "1,2";
			};
			name = Debug;
		};
		FD79B018215361EF00D1BFB1 /* Release */ = {
			isa = XCBuildConfiguration;
			buildSettings = {
				ASSETCATALOG_COMPILER_APPICON_NAME = AppIcon;
				CODE_SIGN_STYLE = Automatic;
				INFOPLIST_FILE = SBImageViewDemo/Info.plist;
				LD_RUNPATH_SEARCH_PATHS = (
					"$(inherited)",
					"@executable_path/Frameworks",
				);
				PRODUCT_BUNDLE_IDENTIFIER = com.SBImageViewDemo;
				PRODUCT_NAME = "$(TARGET_NAME)";
				TARGETED_DEVICE_FAMILY = "1,2";
			};
			name = Release;
		};
		FD79B01A215361EF00D1BFB1 /* Debug */ = {
			isa = XCBuildConfiguration;
			buildSettings = {
				BUNDLE_LOADER = "$(TEST_HOST)";
				CODE_SIGN_STYLE = Automatic;
				INFOPLIST_FILE = SBImageViewDemoTests/Info.plist;
				LD_RUNPATH_SEARCH_PATHS = (
					"$(inherited)",
					"@executable_path/Frameworks",
					"@loader_path/Frameworks",
				);
				PRODUCT_BUNDLE_IDENTIFIER = com.SBImageViewDemoTests;
				PRODUCT_NAME = "$(TARGET_NAME)";
				TARGETED_DEVICE_FAMILY = "1,2";
				TEST_HOST = "$(BUILT_PRODUCTS_DIR)/SBImageViewDemo.app/SBImageViewDemo";
			};
			name = Debug;
		};
		FD79B01B215361EF00D1BFB1 /* Release */ = {
			isa = XCBuildConfiguration;
			buildSettings = {
				BUNDLE_LOADER = "$(TEST_HOST)";
				CODE_SIGN_STYLE = Automatic;
				INFOPLIST_FILE = SBImageViewDemoTests/Info.plist;
				LD_RUNPATH_SEARCH_PATHS = (
					"$(inherited)",
					"@executable_path/Frameworks",
					"@loader_path/Frameworks",
				);
				PRODUCT_BUNDLE_IDENTIFIER = com.SBImageViewDemoTests;
				PRODUCT_NAME = "$(TARGET_NAME)";
				TARGETED_DEVICE_FAMILY = "1,2";
				TEST_HOST = "$(BUILT_PRODUCTS_DIR)/SBImageViewDemo.app/SBImageViewDemo";
			};
			name = Release;
		};
		FD79B01D215361EF00D1BFB1 /* Debug */ = {
			isa = XCBuildConfiguration;
			buildSettings = {
				CODE_SIGN_STYLE = Automatic;
				INFOPLIST_FILE = SBImageViewDemoUITests/Info.plist;
				LD_RUNPATH_SEARCH_PATHS = (
					"$(inherited)",
					"@executable_path/Frameworks",
					"@loader_path/Frameworks",
				);
				PRODUCT_BUNDLE_IDENTIFIER = com.SBImageViewDemoUITests;
				PRODUCT_NAME = "$(TARGET_NAME)";
				TARGETED_DEVICE_FAMILY = "1,2";
				TEST_TARGET_NAME = SBImageViewDemo;
			};
			name = Debug;
		};
		FD79B01E215361EF00D1BFB1 /* Release */ = {
			isa = XCBuildConfiguration;
			buildSettings = {
				CODE_SIGN_STYLE = Automatic;
				INFOPLIST_FILE = SBImageViewDemoUITests/Info.plist;
				LD_RUNPATH_SEARCH_PATHS = (
					"$(inherited)",
					"@executable_path/Frameworks",
					"@loader_path/Frameworks",
				);
				PRODUCT_BUNDLE_IDENTIFIER = com.SBImageViewDemoUITests;
				PRODUCT_NAME = "$(TARGET_NAME)";
				TARGETED_DEVICE_FAMILY = "1,2";
				TEST_TARGET_NAME = SBImageViewDemo;
			};
			name = Release;
		};
/* End XCBuildConfiguration section */

/* Begin XCConfigurationList section */
		FD79AFE5215361EB00D1BFB1 /* Build configuration list for PBXProject "SBImageViewDemo" */ = {
			isa = XCConfigurationList;
			buildConfigurations = (
				FD79B014215361EF00D1BFB1 /* Debug */,
				FD79B015215361EF00D1BFB1 /* Release */,
			);
			defaultConfigurationIsVisible = 0;
			defaultConfigurationName = Release;
		};
		FD79B016215361EF00D1BFB1 /* Build configuration list for PBXNativeTarget "SBImageViewDemo" */ = {
			isa = XCConfigurationList;
			buildConfigurations = (
				FD79B017215361EF00D1BFB1 /* Debug */,
				FD79B018215361EF00D1BFB1 /* Release */,
			);
			defaultConfigurationIsVisible = 0;
			defaultConfigurationName = Release;
		};
		FD79B019215361EF00D1BFB1 /* Build configuration list for PBXNativeTarget "SBImageViewDemoTests" */ = {
			isa = XCConfigurationList;
			buildConfigurations = (
				FD79B01A215361EF00D1BFB1 /* Debug */,
				FD79B01B215361EF00D1BFB1 /* Release */,
			);
			defaultConfigurationIsVisible = 0;
			defaultConfigurationName = Release;
		};
		FD79B01C215361EF00D1BFB1 /* Build configuration list for PBXNativeTarget "SBImageViewDemoUITests" */ = {
			isa = XCConfigurationList;
			buildConfigurations = (
				FD79B01D215361EF00D1BFB1 /* Debug */,
				FD79B01E215361EF00D1BFB1 /* Release */,
			);
			defaultConfigurationIsVisible = 0;
			defaultConfigurationName = Release;
		};
/* End XCConfigurationList section */
	};
	rootObject = FD79AFE2215361EB00D1BFB1 /* Project object */;
}
